{
  "name": "angular",
  "lockfileVersion": 2,
  "requires": true,
  "packages": {
    "": {
      "dependencies": {
        "angular": "^1.5.3"
      }
    },
    "node_modules/angular": {
      "version": "1.5.3",
      "resolved": "https://registry.npmjs.org/angular/-/angular-1.5.3.tgz",
      "integrity": "sha1-N8LxmK52wtbzcXpOzvHN3LBIr3k="
    }
  },
  "dependencies": {
    "angular": {
      "version": "1.5.3",
      "resolved": "https://registry.npmjs.org/angular/-/angular-1.5.3.tgz",
      "integrity": "sha1-N8LxmK52wtbzcXpOzvHN3LBIr3k="
    }
  }
}
